<?xml version="1.0" encoding="utf-8"?>
<Project ToolsVersion="4.0" xmlns="http://schemas.microsoft.com/developer/msbuild/2003">
  <ItemGroup>
    <Filter Include="Quelldateien">
      <UniqueIdentifier>{4FC737F1-C7A5-4376-A066-2A32D752A2FF}</UniqueIdentifier>
      <Extensions>cpp;c;cc;cxx;def;odl;idl;hpj;bat;asm;asmx</Extensions>
    </Filter>
    <Filter Include="Headerdateien">
      <UniqueIdentifier>{93995380-89BD-4b04-88EB-625FBE52EBFB}</UniqueIdentifier>
      <Extensions>h;hpp;hxx;hm;inl;inc;xsd</Extensions>
    </Filter>
    <Filter Include="Ressourcendateien">
      <UniqueIdentifier>{67DA6AB6-F800-4c08-8B7A-83BB121AAD01}</UniqueIdentifier>
      <Extensions>rc;ico;cur;bmp;dlg;rc2;rct;bin;rgs;gif;jpg;jpeg;jpe;resx;tiff;tif;png;wav;mfcribbon-ms</Extensions>
    </Filter>
  </ItemGroup>
  <ItemGroup>
    <ClInclude Include="..\source\MovieCutter.h">
      <Filter>Headerdateien</Filter>
    </ClInclude>
    <ClInclude Include="..\source\MovieCutterLib.h">
      <Filter>Headerdateien</Filter>
    </ClInclude>
    <ClInclude Include="..\source\MovieCutter_TAPCOM.h">
      <Filter>Headerdateien</Filter>
    </ClInclude>
    <ClInclude Include="..\source\TMSCommander.h">
      <Filter>Headerdateien</Filter>
    </ClInclude>
    <ClInclude Include="..\source\CWTapApiLib.h">
      <Filter>Headerdateien</Filter>
    </ClInclude>
    <ClInclude Include="..\source\HddToolsLib.h">
      <Filter>Headerdateien</Filter>
    </ClInclude>
    <ClInclude Include="..\source\libFireBird.h">
      <Filter>Headerdateien</Filter>
    </ClInclude>
    <ClInclude Include="..\source\RecHeader.h">
      <Filter>Headerdateien</Filter>
    </ClInclude>
  </ItemGroup>
  <ItemGroup>
    <ClCompile Include="..\source\MovieCutter.c">
      <Filter>Quelldateien</Filter>
    </ClCompile>
    <ClCompile Include="..\source\MovieCutterLib.c">
      <Filter>Quelldateien</Filter>
    </ClCompile>
    <ClCompile Include="..\source\CWTapApiLib.c">
      <Filter>Quelldateien</Filter>
    </ClCompile>
    <ClCompile Include="..\source\HddToolsLib.c">
      <Filter>Quelldateien</Filter>
    </ClCompile>
    <ClCompile Include="..\source\FBLibWrapper.c">
      <Filter>Quelldateien</Filter>
    </ClCompile>
  </ItemGroup>
  <ItemGroup>
    <None Include="..\MovieCutter.ini">
      <Filter>Ressourcendateien</Filter>
    </None>
    <None Include="..\MovieCutter.lng">
      <Filter>Ressourcendateien</Filter>
    </None>
    <None Include="..\source\Makefile">
      <Filter>Ressourcendateien</Filter>
    </None>
    <None Include="..\source\Makedebug">
      <Filter>Ressourcendateien</Filter>
    </None>
    <None Include="..\source\Makedebug_Stacktrace">
      <Filter>Ressourcendateien</Filter>
    </None>
    <None Include="..\source\build_TMS.bat">
      <Filter>Ressourcendateien</Filter>
    </None>
    <None Include="..\DeleteCuts.sh">
      <Filter>Ressourcendateien</Filter>
    </None>
  </ItemGroup>
</Project>