
Microsoft Visual Studio Solution File, Format Version 11.00
# Visual Studio 2010
Project("{8BC9CEB8-8B4A-11D0-8D11-00A0C91BC942}") = "jfsutils_VS", "jfsutils_VS.vcxproj", "{3032205D-61A9-4096-8EA0-DF54610DED91}"
	ProjectSection(ProjectDependencies) = postProject
		{26659601-573B-4BE9-B69E-BDD119A7B417} = {26659601-573B-4BE9-B69E-BDD119A7B417}
		{C1EBFE43-AFF0-4849-A92F-D05D17579BE2} = {C1EBFE43-AFF0-4849-A92F-D05D17579BE2}
		{5DE3BA55-93C9-43B6-AB64-9874FB740655} = {5DE3BA55-93C9-43B6-AB64-9874FB740655}
		{3E39E065-409C-4D5D-8D7C-E072AA87AD0A} = {3E39E065-409C-4D5D-8D7C-E072AA87AD0A}
		{1CC3FB6C-EBF5-4651-BC3C-239C73D35EA0} = {1CC3FB6C-EBF5-4651-BC3C-239C73D35EA0}
		{2191928D-E6C0-4E58-8725-31DB2AF39CDF} = {2191928D-E6C0-4E58-8725-31DB2AF39CDF}
		{784FFDC5-2F80-4F5B-8DEC-7D619A5597AD} = {784FFDC5-2F80-4F5B-8DEC-7D619A5597AD}
		{1E6B5DDA-C952-48BD-946C-7416BE3FFEF6} = {1E6B5DDA-C952-48BD-946C-7416BE3FFEF6}
	EndProjectSection
EndProject
Project("{8BC9CEB8-8B4A-11D0-8D11-00A0C91BC942}") = "fsck", "fsck.vcxproj", "{2191928D-E6C0-4E58-8725-31DB2AF39CDF}"
	ProjectSection(ProjectDependencies) = postProject
		{C1EBFE43-AFF0-4849-A92F-D05D17579BE2} = {C1EBFE43-AFF0-4849-A92F-D05D17579BE2}
		{1CC3FB6C-EBF5-4651-BC3C-239C73D35EA0} = {1CC3FB6C-EBF5-4651-BC3C-239C73D35EA0}
	EndProjectSection
EndProject
Project("{8BC9CEB8-8B4A-11D0-8D11-00A0C91BC942}") = "fscklog", "fscklog.vcxproj", "{26659601-573B-4BE9-B69E-BDD119A7B417}"
	ProjectSection(ProjectDependencies) = postProject
		{C1EBFE43-AFF0-4849-A92F-D05D17579BE2} = {C1EBFE43-AFF0-4849-A92F-D05D17579BE2}
	EndProjectSection
EndProject
Project("{8BC9CEB8-8B4A-11D0-8D11-00A0C91BC942}") = "icheck", "icheck.vcxproj", "{1CC3FB6C-EBF5-4651-BC3C-239C73D35EA0}"
EndProject
Project("{8BC9CEB8-8B4A-11D0-8D11-00A0C91BC942}") = "libfs", "libfs.vcxproj", "{C1EBFE43-AFF0-4849-A92F-D05D17579BE2}"
EndProject
Project("{8BC9CEB8-8B4A-11D0-8D11-00A0C91BC942}") = "logdump", "logdump.vcxproj", "{1E6B5DDA-C952-48BD-946C-7416BE3FFEF6}"
	ProjectSection(ProjectDependencies) = postProject
		{C1EBFE43-AFF0-4849-A92F-D05D17579BE2} = {C1EBFE43-AFF0-4849-A92F-D05D17579BE2}
	EndProjectSection
EndProject
Project("{8BC9CEB8-8B4A-11D0-8D11-00A0C91BC942}") = "mkfs", "mkfs.vcxproj", "{784FFDC5-2F80-4F5B-8DEC-7D619A5597AD}"
	ProjectSection(ProjectDependencies) = postProject
		{C1EBFE43-AFF0-4849-A92F-D05D17579BE2} = {C1EBFE43-AFF0-4849-A92F-D05D17579BE2}
	EndProjectSection
EndProject
Project("{8BC9CEB8-8B4A-11D0-8D11-00A0C91BC942}") = "tune", "tune.vcxproj", "{5DE3BA55-93C9-43B6-AB64-9874FB740655}"
	ProjectSection(ProjectDependencies) = postProject
		{C1EBFE43-AFF0-4849-A92F-D05D17579BE2} = {C1EBFE43-AFF0-4849-A92F-D05D17579BE2}
	EndProjectSection
EndProject
Project("{8BC9CEB8-8B4A-11D0-8D11-00A0C91BC942}") = "xpeek", "xpeek.vcxproj", "{3E39E065-409C-4D5D-8D7C-E072AA87AD0A}"
	ProjectSection(ProjectDependencies) = postProject
		{C1EBFE43-AFF0-4849-A92F-D05D17579BE2} = {C1EBFE43-AFF0-4849-A92F-D05D17579BE2}
	EndProjectSection
EndProject
Global
	GlobalSection(SolutionConfigurationPlatforms) = preSolution
		Debug|Win32 = Debug|Win32
		Release|Win32 = Release|Win32
	EndGlobalSection
	GlobalSection(ProjectConfigurationPlatforms) = postSolution
		{3032205D-61A9-4096-8EA0-DF54610DED91}.Debug|Win32.ActiveCfg = Debug|Win32
		{3032205D-61A9-4096-8EA0-DF54610DED91}.Debug|Win32.Build.0 = Debug|Win32
		{3032205D-61A9-4096-8EA0-DF54610DED91}.Release|Win32.ActiveCfg = Release|Win32
		{3032205D-61A9-4096-8EA0-DF54610DED91}.Release|Win32.Build.0 = Release|Win32
		{2191928D-E6C0-4E58-8725-31DB2AF39CDF}.Debug|Win32.ActiveCfg = Debug|Win32
		{2191928D-E6C0-4E58-8725-31DB2AF39CDF}.Debug|Win32.Build.0 = Debug|Win32
		{2191928D-E6C0-4E58-8725-31DB2AF39CDF}.Release|Win32.ActiveCfg = Release|Win32
		{2191928D-E6C0-4E58-8725-31DB2AF39CDF}.Release|Win32.Build.0 = Release|Win32
		{26659601-573B-4BE9-B69E-BDD119A7B417}.Debug|Win32.ActiveCfg = Debug|Win32
		{26659601-573B-4BE9-B69E-BDD119A7B417}.Debug|Win32.Build.0 = Debug|Win32
		{26659601-573B-4BE9-B69E-BDD119A7B417}.Release|Win32.ActiveCfg = Release|Win32
		{26659601-573B-4BE9-B69E-BDD119A7B417}.Release|Win32.Build.0 = Release|Win32
		{1CC3FB6C-EBF5-4651-BC3C-239C73D35EA0}.Debug|Win32.ActiveCfg = Debug|Win32
		{1CC3FB6C-EBF5-4651-BC3C-239C73D35EA0}.Debug|Win32.Build.0 = Debug|Win32
		{1CC3FB6C-EBF5-4651-BC3C-239C73D35EA0}.Release|Win32.ActiveCfg = Release|Win32
		{1CC3FB6C-EBF5-4651-BC3C-239C73D35EA0}.Release|Win32.Build.0 = Release|Win32
		{C1EBFE43-AFF0-4849-A92F-D05D17579BE2}.Debug|Win32.ActiveCfg = Debug|Win32
		{C1EBFE43-AFF0-4849-A92F-D05D17579BE2}.Debug|Win32.Build.0 = Debug|Win32
		{C1EBFE43-AFF0-4849-A92F-D05D17579BE2}.Release|Win32.ActiveCfg = Release|Win32
		{C1EBFE43-AFF0-4849-A92F-D05D17579BE2}.Release|Win32.Build.0 = Release|Win32
		{1E6B5DDA-C952-48BD-946C-7416BE3FFEF6}.Debug|Win32.ActiveCfg = Debug|Win32
		{1E6B5DDA-C952-48BD-946C-7416BE3FFEF6}.Debug|Win32.Build.0 = Debug|Win32
		{1E6B5DDA-C952-48BD-946C-7416BE3FFEF6}.Release|Win32.ActiveCfg = Release|Win32
		{1E6B5DDA-C952-48BD-946C-7416BE3FFEF6}.Release|Win32.Build.0 = Release|Win32
		{784FFDC5-2F80-4F5B-8DEC-7D619A5597AD}.Debug|Win32.ActiveCfg = Debug|Win32
		{784FFDC5-2F80-4F5B-8DEC-7D619A5597AD}.Debug|Win32.Build.0 = Debug|Win32
		{784FFDC5-2F80-4F5B-8DEC-7D619A5597AD}.Release|Win32.ActiveCfg = Release|Win32
		{784FFDC5-2F80-4F5B-8DEC-7D619A5597AD}.Release|Win32.Build.0 = Release|Win32
		{5DE3BA55-93C9-43B6-AB64-9874FB740655}.Debug|Win32.ActiveCfg = Debug|Win32
		{5DE3BA55-93C9-43B6-AB64-9874FB740655}.Debug|Win32.Build.0 = Debug|Win32
		{5DE3BA55-93C9-43B6-AB64-9874FB740655}.Release|Win32.ActiveCfg = Release|Win32
		{5DE3BA55-93C9-43B6-AB64-9874FB740655}.Release|Win32.Build.0 = Release|Win32
		{3E39E065-409C-4D5D-8D7C-E072AA87AD0A}.Debug|Win32.ActiveCfg = Debug|Win32
		{3E39E065-409C-4D5D-8D7C-E072AA87AD0A}.Debug|Win32.Build.0 = Debug|Win32
		{3E39E065-409C-4D5D-8D7C-E072AA87AD0A}.Release|Win32.ActiveCfg = Release|Win32
		{3E39E065-409C-4D5D-8D7C-E072AA87AD0A}.Release|Win32.Build.0 = Release|Win32
	EndGlobalSection
	GlobalSection(SolutionProperties) = preSolution
		HideSolutionNode = FALSE
	EndGlobalSection
EndGlobal
